{
    "_meta": {
        "hash": {
            "sha256": "48a3335679ef9372c16bcf4316c11cdeabfd8404c1d4bd23d72293dc3da7e001"
        },
        "pipfile-spec": 6,
        "requires": {
            "python_version": "3.6"
        },
        "sources": [
            {
                "name": "pypi-tuna",
                "url": "https://pypi.tuna.tsinghua.edu.cn/simple",
                "verify_ssl": true
            }
        ]
    },
    "default": {},
    "develop": {}
}
